<?xml version="1.0" encoding="utf-8"?>
<Project ToolsVersion="4.0" xmlns="http://schemas.microsoft.com/developer/msbuild/2003">
  <ItemGroup>
    <ClCompile Include="stdafx.cpp">
      <Filter>cppFIles</Filter>
    </ClCompile>
    <ClCompile Include="1005.cpp">
      <Filter>cppFIles</Filter>
    </ClCompile>
    <ClCompile Include="Class.cpp">
      <Filter>cppFIles</Filter>
    </ClCompile>
  </ItemGroup>
  <ItemGroup>
    <ClInclude Include="stdafx.h">
      <Filter>cppFIles\header</Filter>
    </ClInclude>
    <ClInclude Include="Class.h">
      <Filter>cppFIles\header</Filter>
    </ClInclude>
  </ItemGroup>
  <ItemGroup>
    <Filter Include="cppFIles">
      <UniqueIdentifier>{d0d04aa9-6748-4c64-aab5-c0c18d69d7ed}</UniqueIdentifier>
    </Filter>
    <Filter Include="cppFIles\header">
      <UniqueIdentifier>{d361ae63-5050-4e0e-a104-bf8aebdd99ce}</UniqueIdentifier>
    </Filter>
  </ItemGroup>
</Project>